// !$*UTF8*$!
{
	archiveVersion = 1;
	classes = {
	};
	objectVersion = 60;
	objects = {

/* Begin PBXBuildFile section */
		0AF3A0B77CFC03B0A89FCDA1 /* EmergencyBloodLiveActivity.swift in Sources */ = {isa = PBXBuildFile; fileRef = F7D61F05E300BA2BBAE87397 /* EmergencyBloodLiveActivity.swift */; };
		10BB69DCE0C3869C6BA5F6CE /* DonationCampaignLiveActivity.swift in Sources */ = {isa = PBXBuildFile; fileRef = 1A79878439C6329563A8437A /* DonationCampaignLiveActivity.swift */; };
		177AB4B09B7DA119A813C050 /* HangelBackgroundTasksPlugin.swift in Sources */ = {isa = PBXBuildFile; fileRef = 2C98968A2BDC06C88C6AB0BB /* HangelBackgroundTasksPlugin.swift */; };
		1B377CB3E853F8FB52D3ABF1 /* HangelWatchApp.swift in Sources */ = {isa = PBXBuildFile; fileRef = 4A5E2922F3390B03293575AB /* HangelWatchApp.swift */; };
		20F5ED9307AB604BBE28180C /* HangelLiveActivityAttributes.swift in Sources */ = {isa = PBXBuildFile; fileRef = FA63C7AAD1423F27AEA4FAA3 /* HangelLiveActivityAttributes.swift */; };
		285DDDBB68D9B0D3D3DCE1F2 /* hangel-blood.caf in Resources */ = {isa = PBXBuildFile; fileRef = E0B2E906FB4B13498C7AB6F9 /* hangel-blood.caf */; };
		2FAD9763203C412B000D30F8 /* config.xml in Resources */ = {isa = PBXBuildFile; fileRef = 2FAD9762203C412B000D30F8 /* config.xml */; };
		3C133BBEF396A43210F27B39 /* hangel-disaster.caf in Resources */ = {isa = PBXBuildFile; fileRef = 5B3494FF82985F9D859D1918 /* hangel-disaster.caf */; };
		41334EC9E22C97934CF56F6C /* Icon-120.png in Resources */ = {isa = PBXBuildFile; fileRef = 99089A8CC1A95EB64A153AB1 /* Icon-120.png */; };
		48F68FE1E685CDB79AD4AAD9 /* Icon-152.png in Resources */ = {isa = PBXBuildFile; fileRef = D3A344F2F0B266D687CD27FD /* Icon-152.png */; };
		49AD2ABF58F0916F8DEBF509 /* Assets.xcassets in Resources */ = {isa = PBXBuildFile; fileRef = 3DD0B2AF1538FE11D8288086 /* Assets.xcassets */; };
		4D22ABE92AF431CB00220026 /* CapApp-SPM in Frameworks */ = {isa = PBXBuildFile; productRef = 4D22ABE82AF431CB00220026 /* CapApp-SPM */; };
		50379B232058CBB4000EE86E /* capacitor.config.json in Resources */ = {isa = PBXBuildFile; fileRef = 50379B222058CBB4000EE86E /* capacitor.config.json */; };
		504EC3081FED79650016851F /* AppDelegate.swift in Sources */ = {isa = PBXBuildFile; fileRef = 504EC3071FED79650016851F /* AppDelegate.swift */; };
		BBBB0001C04701A1B2C3D4E5 /* HangelAppIntents.swift in Sources */ = {isa = PBXBuildFile; fileRef = BBBB0002C04701A1B2C3D4E5 /* HangelAppIntents.swift */; };
		504EC30D1FED79650016851F /* Main.storyboard in Resources */ = {isa = PBXBuildFile; fileRef = 504EC30B1FED79650016851F /* Main.storyboard */; };
		504EC30F1FED79650016851F /* Assets.xcassets in Resources */ = {isa = PBXBuildFile; fileRef = 504EC30E1FED79650016851F /* Assets.xcassets */; };
		504EC3121FED79650016851F /* LaunchScreen.storyboard in Resources */ = {isa = PBXBuildFile; fileRef = 504EC3101FED79650016851F /* LaunchScreen.storyboard */; };
		50B271D11FEDC1A000F3C39B /* public in Resources */ = {isa = PBXBuildFile; fileRef = 50B271D01FEDC1A000F3C39B /* public */; };
		573BE32EB0C31FB321E29A8A /* HangelAppleSignInPlugin.swift in Sources */ = {isa = PBXBuildFile; fileRef = B2B0A676355D1A052ACE0815 /* HangelAppleSignInPlugin.swift */; };
		58DBE0CE07C6249833EC9BCE /* HangelLiveActivityPlugin.swift in Sources */ = {isa = PBXBuildFile; fileRef = 6EF0E00AA8367CCFAF92EE42 /* HangelLiveActivityPlugin.swift */; };
		4583F0933CBA32C55E663D61 /* HangelHealthPlugin.swift in Sources */ = {isa = PBXBuildFile; fileRef = F5597C3D5CE86561CE8327CB /* HangelHealthPlugin.swift */; };
		A1460375D853FDDC5D3B7FA3 /* HangelWidgetPlugin.swift in Sources */ = {isa = PBXBuildFile; fileRef = 8ADAF69A77B095726C897FCF /* HangelWidgetPlugin.swift */; };
		5D1083187139087BE6090788 /* EmergencyBloodDetailView.swift in Sources */ = {isa = PBXBuildFile; fileRef = E09F456D3C2DEA2750A80DA7 /* EmergencyBloodDetailView.swift */; };
		600E2BE4C5D92A0B39E12708 /* WatchConnectivityManager.swift in Sources */ = {isa = PBXBuildFile; fileRef = CD4659D98BF68E734557FA2C /* WatchConnectivityManager.swift */; };
		64911D68D2BBEC71C134E038 /* HangelLiveActivities.swift in Sources */ = {isa = PBXBuildFile; fileRef = F10D14FB365E21061786F5F7 /* HangelLiveActivities.swift */; };
		69B3C75EDABA1D16524C63D1 /* hangel-event.caf in Resources */ = {isa = PBXBuildFile; fileRef = 0E43DB09FAF86FA91565D659 /* hangel-event.caf */; };
		6D4BDBB3514D12D988510061 /* Foundation.framework in Frameworks */ = {isa = PBXBuildFile; fileRef = 12EFBF34B850E75CF1C82086 /* Foundation.framework */; };
		7340D25AB18FB68BC5174DEA /* HangelWatch.app in Embed Watch Content */ = {isa = PBXBuildFile; fileRef = 57BBFEC425CB6D475E1BF366 /* HangelWatch.app */; settings = {ATTRIBUTES = (RemoveHeadersOnCopy, ); }; };
		8BB94A43299FF38E6A990D99 /* Assets.xcassets in Resources */ = {isa = PBXBuildFile; fileRef = 3109BC103DA8731607AFB3B7 /* Assets.xcassets */; };
		9CC1E2FEB0FBCBE62420577D /* HangelWatchConnectivityPlugin.swift in Sources */ = {isa = PBXBuildFile; fileRef = 9126E71704A029EA9CEDBCAF /* HangelWatchConnectivityPlugin.swift */; };
		9E5280DC7337BFD5D42A8BD6 /* HangelLiveActivityAttributes.swift in Sources */ = {isa = PBXBuildFile; fileRef = FA63C7AAD1423F27AEA4FAA3 /* HangelLiveActivityAttributes.swift */; };
		A11E1EFF2F7B89030085F789 /* GoogleService-Info.plist in Resources */ = {isa = PBXBuildFile; fileRef = A11E1EFE2F7B89030085F789 /* GoogleService-Info.plist */; };
		A7B6045997B67067DBDCDE40 /* ContentView.swift in Sources */ = {isa = PBXBuildFile; fileRef = 74B28242FE67D8EFE0A1703A /* ContentView.swift */; };
		B1456F3727F4F9CCD994C907 /* HangelSilentPushPlugin.swift in Sources */ = {isa = PBXBuildFile; fileRef = D92D0BEF06A0E5F3FFD8B67F /* HangelSilentPushPlugin.swift */; };
		BAC39E9CC36F036729030EA1 /* WatchAppDelegate.swift in Sources */ = {isa = PBXBuildFile; fileRef = 3C999C34FA43377AECB2140F /* WatchAppDelegate.swift */; };
		C0FE2359D0D99E2F27CB5E9D /* Foundation.framework in Frameworks */ = {isa = PBXBuildFile; fileRef = 8A2A9BA7FDEACE01C1C6D512 /* Foundation.framework */; };
		C11C0A002000000000000001 /* HangelAppClipApp.swift in Sources */ = {isa = PBXBuildFile; fileRef = C11C0A001000000000000001 /* HangelAppClipApp.swift */; };
		C11C0A002000000000000002 /* ContentView.swift in Sources */ = {isa = PBXBuildFile; fileRef = C11C0A001000000000000002 /* ContentView.swift */; };
		C11C0A002000000000000003 /* ClipState.swift in Sources */ = {isa = PBXBuildFile; fileRef = C11C0A001000000000000003 /* ClipState.swift */; };
		C11C0A002000000000000004 /* ClipAPI.swift in Sources */ = {isa = PBXBuildFile; fileRef = C11C0A001000000000000004 /* ClipAPI.swift */; };
		C11C0A002000000000000005 /* HangelAppClip.app in Embed App Clips */ = {isa = PBXBuildFile; fileRef = C11C0A001000000000000007 /* HangelAppClip.app */; settings = {ATTRIBUTES = (RemoveHeadersOnCopy, ); }; };
		DE5FC5EA8EA5E1D57D821A6E /* hangel-alert.caf in Resources */ = {isa = PBXBuildFile; fileRef = A2D314B5559DF9C5592F9987 /* hangel-alert.caf */; };
		C55EAFEB4894A83EEB0CAEFF /* hangel-coins.caf in Resources */ = {isa = PBXBuildFile; fileRef = 9974EFD3DD471FD38C9436E1 /* hangel-coins.caf */; };
		9ED5AFAB7AB1E781E94FB0C5 /* hangel-paper-money.caf in Resources */ = {isa = PBXBuildFile; fileRef = 4D457655089F46718B999F80 /* hangel-paper-money.caf */; };
		DFD0509AE42360A94E96CB85 /* Icon-167.png in Resources */ = {isa = PBXBuildFile; fileRef = 1AA2CE06417B635B52B94AED /* Icon-167.png */; };
		EF6FFE7E5B04A5CB4DBE7253 /* Icon-76.png in Resources */ = {isa = PBXBuildFile; fileRef = 3FA6378DDB8C7CDDDEB075AB /* Icon-76.png */; };
		F03D14A3A2840DE723C46630 /* VolunteerTaskLiveActivity.swift in Sources */ = {isa = PBXBuildFile; fileRef = E38822D5DBC2513C97982415 /* VolunteerTaskLiveActivity.swift */; };
		F6F70136CC13AB31F3F9BA47 /* HangelLiveActivities.appex in Embed Foundation Extensions */ = {isa = PBXBuildFile; fileRef = 69E41BEB81AF2B49C670ECF8 /* HangelLiveActivities.appex */; settings = {ATTRIBUTES = (RemoveHeadersOnCopy, ); }; };
		F88FD8F6163EAE4939DE3EEF /* hangel-volunteer.caf in Resources */ = {isa = PBXBuildFile; fileRef = ECCA3FFA16A3E96671733288 /* hangel-volunteer.caf */; };
		F982C1029EE907CEC3DDA75E /* Icon-180.png in Resources */ = {isa = PBXBuildFile; fileRef = 8B684F0FAD489858800B7E00 /* Icon-180.png */; };
		FEFE382B8E5B51D1AE1E58BA /* EventCountdownLiveActivity.swift in Sources */ = {isa = PBXBuildFile; fileRef = 179A6BF6877B0095780BD722 /* EventCountdownLiveActivity.swift */; };
		AAAA0001C04701A1B2C3D4E5 /* HangelControlWidgets.swift in Sources */ = {isa = PBXBuildFile; fileRef = AAAA0002C04701A1B2C3D4E5 /* HangelControlWidgets.swift */; };
		AAAA0003C04701A1B2C3D4E5 /* HangelHomeWidgets.swift in Sources */ = {isa = PBXBuildFile; fileRef = AAAA0004C04701A1B2C3D4E5 /* HangelHomeWidgets.swift */; };
/* End PBXBuildFile section */

/* Begin PBXContainerItemProxy section */
		9DEF4CC0A4CCA59B1330B44D /* PBXContainerItemProxy */ = {
			isa = PBXContainerItemProxy;
			containerPortal = 504EC2FC1FED79650016851F /* Project object */;
			proxyType = 1;
			remoteGlobalIDString = 2DD5751A16152C657D0446CE;
			remoteInfo = HangelLiveActivities;
		};
		C11C0A003000000000000008 /* PBXContainerItemProxy */ = {
			isa = PBXContainerItemProxy;
			containerPortal = 504EC2FC1FED79650016851F /* Project object */;
			proxyType = 1;
			remoteGlobalIDString = C11C0A003000000000000006;
			remoteInfo = HangelAppClip;
		};
		E939827D922CA52DC54A0274 /* PBXContainerItemProxy */ = {
			isa = PBXContainerItemProxy;
			containerPortal = 504EC2FC1FED79650016851F /* Project object */;
			proxyType = 1;
			remoteGlobalIDString = 5FC82C57944C5B2908026E8C;
			remoteInfo = HangelWatch;
		};
/* End PBXContainerItemProxy section */

/* Begin PBXCopyFilesBuildPhase section */
		1A47E439388CAB63700D3B20 /* Embed Foundation Extensions */ = {
			isa = PBXCopyFilesBuildPhase;
			buildActionMask = 2147483647;
			dstPath = "";
			dstSubfolderSpec = 13;
			files = (
				F6F70136CC13AB31F3F9BA47 /* HangelLiveActivities.appex in Embed Foundation Extensions */,
			);
			name = "Embed Foundation Extensions";
			runOnlyForDeploymentPostprocessing = 0;
		};
		C11C0A003000000000000005 /* Embed App Clips */ = {
			isa = PBXCopyFilesBuildPhase;
			buildActionMask = 2147483647;
			dstPath = "$(CONTENTS_FOLDER_PATH)/AppClips";
			dstSubfolderSpec = 16;
			files = (
				C11C0A002000000000000005 /* HangelAppClip.app in Embed App Clips */,
			);
			name = "Embed App Clips";
			runOnlyForDeploymentPostprocessing = 0;
		};
		DD4B06DD9D3A57D1E135ABFB /* Embed Watch Content */ = {
			isa = PBXCopyFilesBuildPhase;
			buildActionMask = 2147483647;
			dstPath = "$(CONTENTS_FOLDER_PATH)/Watch";
			dstSubfolderSpec = 16;
			files = (
				7340D25AB18FB68BC5174DEA /* HangelWatch.app in Embed Watch Content */,
			);
			name = "Embed Watch Content";
			runOnlyForDeploymentPostprocessing = 0;
		};
/* End PBXCopyFilesBuildPhase section */

/* Begin PBXFileReference section */
		0E43DB09FAF86FA91565D659 /* hangel-event.caf */ = {isa = PBXFileReference; includeInIndex = 1; path = "hangel-event.caf"; sourceTree = "<group>"; };
		12EFBF34B850E75CF1C82086 /* Foundation.framework */ = {isa = PBXFileReference; lastKnownFileType = wrapper.framework; name = Foundation.framework; path = Platforms/WatchOS.platform/Developer/SDKs/WatchOS11.0.sdk/System/Library/Frameworks/Foundation.framework; sourceTree = DEVELOPER_DIR; };
		179A6BF6877B0095780BD722 /* EventCountdownLiveActivity.swift */ = {isa = PBXFileReference; includeInIndex = 1; lastKnownFileType = sourcecode.swift; path = EventCountdownLiveActivity.swift; sourceTree = "<group>"; };
		AAAA0002C04701A1B2C3D4E5 /* HangelControlWidgets.swift */ = {isa = PBXFileReference; includeInIndex = 1; lastKnownFileType = sourcecode.swift; path = HangelControlWidgets.swift; sourceTree = "<group>"; };
		AAAA0004C04701A1B2C3D4E5 /* HangelHomeWidgets.swift */ = {isa = PBXFileReference; includeInIndex = 1; lastKnownFileType = sourcecode.swift; path = HangelHomeWidgets.swift; sourceTree = "<group>"; };
		1A79878439C6329563A8437A /* DonationCampaignLiveActivity.swift */ = {isa = PBXFileReference; includeInIndex = 1; lastKnownFileType = sourcecode.swift; path = DonationCampaignLiveActivity.swift; sourceTree = "<group>"; };
		1AA2CE06417B635B52B94AED /* Icon-167.png */ = {isa = PBXFileReference; includeInIndex = 1; lastKnownFileType = image.png; path = "Icon-167.png"; sourceTree = "<group>"; };
		2C98968A2BDC06C88C6AB0BB /* HangelBackgroundTasksPlugin.swift */ = {isa = PBXFileReference; includeInIndex = 1; lastKnownFileType = sourcecode.swift; path = HangelBackgroundTasksPlugin.swift; sourceTree = "<group>"; };
		2FAD9762203C412B000D30F8 /* config.xml */ = {isa = PBXFileReference; lastKnownFileType = text.xml; path = config.xml; sourceTree = "<group>"; };
		3109BC103DA8731607AFB3B7 /* Assets.xcassets */ = {isa = PBXFileReference; includeInIndex = 1; lastKnownFileType = folder.assetcatalog; name = Assets.xcassets; path = Assets.xcassets; sourceTree = "<group>"; };
		3817497A52E1B8AE2D0D29FA /* Info.plist */ = {isa = PBXFileReference; includeInIndex = 1; lastKnownFileType = text.plist.xml; path = Info.plist; sourceTree = "<group>"; };
		3C999C34FA43377AECB2140F /* WatchAppDelegate.swift */ = {isa = PBXFileReference; includeInIndex = 1; lastKnownFileType = sourcecode.swift; path = WatchAppDelegate.swift; sourceTree = "<group>"; };
		3DD0B2AF1538FE11D8288086 /* Assets.xcassets */ = {isa = PBXFileReference; includeInIndex = 1; lastKnownFileType = folder.assetcatalog; name = Assets.xcassets; path = Assets.xcassets; sourceTree = "<group>"; };
		3FA6378DDB8C7CDDDEB075AB /* Icon-76.png */ = {isa = PBXFileReference; includeInIndex = 1; lastKnownFileType = image.png; path = "Icon-76.png"; sourceTree = "<group>"; };
		4A5E2922F3390B03293575AB /* HangelWatchApp.swift */ = {isa = PBXFileReference; includeInIndex = 1; lastKnownFileType = sourcecode.swift; path = HangelWatchApp.swift; sourceTree = "<group>"; };
		50379B222058CBB4000EE86E /* capacitor.config.json */ = {isa = PBXFileReference; fileEncoding = 4; lastKnownFileType = text.json; path = capacitor.config.json; sourceTree = "<group>"; };
		504EC3041FED79650016851F /* App.app */ = {isa = PBXFileReference; explicitFileType = wrapper.application; includeInIndex = 0; path = App.app; sourceTree = BUILT_PRODUCTS_DIR; };
		504EC3071FED79650016851F /* AppDelegate.swift */ = {isa = PBXFileReference; lastKnownFileType = sourcecode.swift; path = AppDelegate.swift; sourceTree = "<group>"; };
		BBBB0002C04701A1B2C3D4E5 /* HangelAppIntents.swift */ = {isa = PBXFileReference; lastKnownFileType = sourcecode.swift; path = HangelAppIntents.swift; sourceTree = "<group>"; };
		504EC30C1FED79650016851F /* Base */ = {isa = PBXFileReference; lastKnownFileType = file.storyboard; name = Base; path = Base.lproj/Main.storyboard; sourceTree = "<group>"; };
		504EC30E1FED79650016851F /* Assets.xcassets */ = {isa = PBXFileReference; lastKnownFileType = folder.assetcatalog; path = Assets.xcassets; sourceTree = "<group>"; };
		504EC3111FED79650016851F /* Base */ = {isa = PBXFileReference; lastKnownFileType = file.storyboard; name = Base; path = Base.lproj/LaunchScreen.storyboard; sourceTree = "<group>"; };
		504EC3131FED79650016851F /* Info.plist */ = {isa = PBXFileReference; lastKnownFileType = text.plist.xml; path = Info.plist; sourceTree = "<group>"; };
		50B271D01FEDC1A000F3C39B /* public */ = {isa = PBXFileReference; lastKnownFileType = folder; path = public; sourceTree = "<group>"; };
		57BBFEC425CB6D475E1BF366 /* HangelWatch.app */ = {isa = PBXFileReference; explicitFileType = wrapper.application; includeInIndex = 0; path = HangelWatch.app; sourceTree = BUILT_PRODUCTS_DIR; };
		5B3494FF82985F9D859D1918 /* hangel-disaster.caf */ = {isa = PBXFileReference; includeInIndex = 1; path = "hangel-disaster.caf"; sourceTree = "<group>"; };
		69E41BEB81AF2B49C670ECF8 /* HangelLiveActivities.appex */ = {isa = PBXFileReference; explicitFileType = "wrapper.app-extension"; includeInIndex = 0; path = HangelLiveActivities.appex; sourceTree = BUILT_PRODUCTS_DIR; };
		6EF0E00AA8367CCFAF92EE42 /* HangelLiveActivityPlugin.swift */ = {isa = PBXFileReference; includeInIndex = 1; lastKnownFileType = sourcecode.swift; path = HangelLiveActivityPlugin.swift; sourceTree = "<group>"; };
		F5597C3D5CE86561CE8327CB /* HangelHealthPlugin.swift */ = {isa = PBXFileReference; includeInIndex = 1; lastKnownFileType = sourcecode.swift; path = HangelHealthPlugin.swift; sourceTree = "<group>"; };
		8ADAF69A77B095726C897FCF /* HangelWidgetPlugin.swift */ = {isa = PBXFileReference; includeInIndex = 1; lastKnownFileType = sourcecode.swift; path = HangelWidgetPlugin.swift; sourceTree = "<group>"; };
		74B28242FE67D8EFE0A1703A /* ContentView.swift */ = {isa = PBXFileReference; includeInIndex = 1; lastKnownFileType = sourcecode.swift; path = ContentView.swift; sourceTree = "<group>"; };
		8A2A9BA7FDEACE01C1C6D512 /* Foundation.framework */ = {isa = PBXFileReference; lastKnownFileType = wrapper.framework; name = Foundation.framework; path = Platforms/iPhoneOS.platform/Developer/SDKs/iPhoneOS18.0.sdk/System/Library/Frameworks/Foundation.framework; sourceTree = DEVELOPER_DIR; };
		8B684F0FAD489858800B7E00 /* Icon-180.png */ = {isa = PBXFileReference; includeInIndex = 1; lastKnownFileType = image.png; path = "Icon-180.png"; sourceTree = "<group>"; };
		9126E71704A029EA9CEDBCAF /* HangelWatchConnectivityPlugin.swift */ = {isa = PBXFileReference; includeInIndex = 1; lastKnownFileType = sourcecode.swift; path = HangelWatchConnectivityPlugin.swift; sourceTree = "<group>"; };
		958DCC722DB07C7200EA8C5F /* debug.xcconfig */ = {isa = PBXFileReference; lastKnownFileType = text.xcconfig; name = debug.xcconfig; path = ../debug.xcconfig; sourceTree = SOURCE_ROOT; };
		99089A8CC1A95EB64A153AB1 /* Icon-120.png */ = {isa = PBXFileReference; includeInIndex = 1; lastKnownFileType = image.png; path = "Icon-120.png"; sourceTree = "<group>"; };
		A11E1EFE2F7B89030085F789 /* GoogleService-Info.plist */ = {isa = PBXFileReference; lastKnownFileType = text.plist.xml; path = "GoogleService-Info.plist"; sourceTree = "<group>"; };
		A2D314B5559DF9C5592F9987 /* hangel-alert.caf */ = {isa = PBXFileReference; includeInIndex = 1; path = "hangel-alert.caf"; sourceTree = "<group>"; };
		9974EFD3DD471FD38C9436E1 /* hangel-coins.caf */ = {isa = PBXFileReference; includeInIndex = 1; path = "hangel-coins.caf"; sourceTree = "<group>"; };
		4D457655089F46718B999F80 /* hangel-paper-money.caf */ = {isa = PBXFileReference; includeInIndex = 1; path = "hangel-paper-money.caf"; sourceTree = "<group>"; };
		B2B0A676355D1A052ACE0815 /* HangelAppleSignInPlugin.swift */ = {isa = PBXFileReference; includeInIndex = 1; lastKnownFileType = sourcecode.swift; path = HangelAppleSignInPlugin.swift; sourceTree = "<group>"; };
		BB36A98EDADDAD874D502BC4 /* Info.plist */ = {isa = PBXFileReference; includeInIndex = 1; lastKnownFileType = text.plist.xml; path = Info.plist; sourceTree = "<group>"; };
		C11C0A001000000000000001 /* HangelAppClipApp.swift */ = {isa = PBXFileReference; includeInIndex = 1; lastKnownFileType = sourcecode.swift; path = HangelAppClipApp.swift; sourceTree = "<group>"; };
		C11C0A001000000000000002 /* ContentView.swift */ = {isa = PBXFileReference; includeInIndex = 1; lastKnownFileType = sourcecode.swift; path = ContentView.swift; sourceTree = "<group>"; };
		C11C0A001000000000000003 /* ClipState.swift */ = {isa = PBXFileReference; includeInIndex = 1; lastKnownFileType = sourcecode.swift; path = ClipState.swift; sourceTree = "<group>"; };
		C11C0A001000000000000004 /* ClipAPI.swift */ = {isa = PBXFileReference; includeInIndex = 1; lastKnownFileType = sourcecode.swift; path = ClipAPI.swift; sourceTree = "<group>"; };
		C11C0A001000000000000005 /* Info.plist */ = {isa = PBXFileReference; includeInIndex = 1; lastKnownFileType = text.plist.xml; path = Info.plist; sourceTree = "<group>"; };
		C11C0A001000000000000006 /* HangelAppClip.entitlements */ = {isa = PBXFileReference; includeInIndex = 1; lastKnownFileType = text.plist.entitlements; path = HangelAppClip.entitlements; sourceTree = "<group>"; };
		C11C0A001000000000000007 /* HangelAppClip.app */ = {isa = PBXFileReference; explicitFileType = wrapper.application; includeInIndex = 0; path = HangelAppClip.app; sourceTree = BUILT_PRODUCTS_DIR; };
		CD4659D98BF68E734557FA2C /* WatchConnectivityManager.swift */ = {isa = PBXFileReference; includeInIndex = 1; lastKnownFileType = sourcecode.swift; path = WatchConnectivityManager.swift; sourceTree = "<group>"; };
		D3A344F2F0B266D687CD27FD /* Icon-152.png */ = {isa = PBXFileReference; includeInIndex = 1; lastKnownFileType = image.png; path = "Icon-152.png"; sourceTree = "<group>"; };
		D92D0BEF06A0E5F3FFD8B67F /* HangelSilentPushPlugin.swift */ = {isa = PBXFileReference; includeInIndex = 1; lastKnownFileType = sourcecode.swift; path = HangelSilentPushPlugin.swift; sourceTree = "<group>"; };
		E09F456D3C2DEA2750A80DA7 /* EmergencyBloodDetailView.swift */ = {isa = PBXFileReference; includeInIndex = 1; lastKnownFileType = sourcecode.swift; path = EmergencyBloodDetailView.swift; sourceTree = "<group>"; };
		E0B2E906FB4B13498C7AB6F9 /* hangel-blood.caf */ = {isa = PBXFileReference; includeInIndex = 1; path = "hangel-blood.caf"; sourceTree = "<group>"; };
		E38822D5DBC2513C97982415 /* VolunteerTaskLiveActivity.swift */ = {isa = PBXFileReference; includeInIndex = 1; lastKnownFileType = sourcecode.swift; path = VolunteerTaskLiveActivity.swift; sourceTree = "<group>"; };
		EAA1830ABC5C32D691A6315C /* HangelLiveActivities.entitlements */ = {isa = PBXFileReference; includeInIndex = 1; lastKnownFileType = text.plist.entitlements; path = HangelLiveActivities.entitlements; sourceTree = "<group>"; };
		ECCA3FFA16A3E96671733288 /* hangel-volunteer.caf */ = {isa = PBXFileReference; includeInIndex = 1; path = "hangel-volunteer.caf"; sourceTree = "<group>"; };
		F10D14FB365E21061786F5F7 /* HangelLiveActivities.swift */ = {isa = PBXFileReference; includeInIndex = 1; lastKnownFileType = sourcecode.swift; path = HangelLiveActivities.swift; sourceTree = "<group>"; };
		F7D61F05E300BA2BBAE87397 /* EmergencyBloodLiveActivity.swift */ = {isa = PBXFileReference; includeInIndex = 1; lastKnownFileType = sourcecode.swift; path = EmergencyBloodLiveActivity.swift; sourceTree = "<group>"; };
		FA63C7AAD1423F27AEA4FAA3 /* HangelLiveActivityAttributes.swift */ = {isa = PBXFileReference; includeInIndex = 1; lastKnownFileType = sourcecode.swift; path = HangelLiveActivityAttributes.swift; sourceTree = "<group>"; };
/* End PBXFileReference section */

/* Begin PBXFrameworksBuildPhase section */
		4B2AA9C039DEC4847BCF35F6 /* Frameworks */ = {
			isa = PBXFrameworksBuildPhase;
			buildActionMask = 2147483647;
			files = (
				6D4BDBB3514D12D988510061 /* Foundation.framework in Frameworks */,
			);
			runOnlyForDeploymentPostprocessing = 0;
		};
		504EC3011FED79650016851F /* Frameworks */ = {
			isa = PBXFrameworksBuildPhase;
			buildActionMask = 2147483647;
			files = (
				4D22ABE92AF431CB00220026 /* CapApp-SPM in Frameworks */,
			);
			runOnlyForDeploymentPostprocessing = 0;
		};
		A7BED033FE87EB5CD491E145 /* Frameworks */ = {
			isa = PBXFrameworksBuildPhase;
			buildActionMask = 2147483647;
			files = (
				C0FE2359D0D99E2F27CB5E9D /* Foundation.framework in Frameworks */,
			);
			runOnlyForDeploymentPostprocessing = 0;
		};
		C11C0A003000000000000004 /* Frameworks */ = {
			isa = PBXFrameworksBuildPhase;
			buildActionMask = 2147483647;
			files = (
			);
			runOnlyForDeploymentPostprocessing = 0;
		};
/* End PBXFrameworksBuildPhase section */

/* Begin PBXGroup section */
		504EC2FB1FED79650016851F = {
			isa = PBXGroup;
			children = (
				958DCC722DB07C7200EA8C5F /* debug.xcconfig */,
				504EC3061FED79650016851F /* App */,
				504EC3051FED79650016851F /* Products */,
				AE86B8F9543F8C5330E09C2E /* HangelWatch */,
				C11C0A003000000000000001 /* HangelAppClip */,
				A7B521F810BE5E27306552FB /* Frameworks */,
				84B5F12F39CE363E4B0E2588 /* HangelLiveActivities */,
			);
			sourceTree = "<group>";
		};
		504EC3051FED79650016851F /* Products */ = {
			isa = PBXGroup;
			children = (
				504EC3041FED79650016851F /* App.app */,
				57BBFEC425CB6D475E1BF366 /* HangelWatch.app */,
				C11C0A001000000000000007 /* HangelAppClip.app */,
				69E41BEB81AF2B49C670ECF8 /* HangelLiveActivities.appex */,
			);
			name = Products;
			sourceTree = "<group>";
		};
		504EC3061FED79650016851F /* App */ = {
			isa = PBXGroup;
			children = (
				A11E1EFE2F7B89030085F789 /* GoogleService-Info.plist */,
				50379B222058CBB4000EE86E /* capacitor.config.json */,
				504EC3071FED79650016851F /* AppDelegate.swift */,
				BBBB0002C04701A1B2C3D4E5 /* HangelAppIntents.swift */,
				504EC30B1FED79650016851F /* Main.storyboard */,
				504EC30E1FED79650016851F /* Assets.xcassets */,
				504EC3101FED79650016851F /* LaunchScreen.storyboard */,
				504EC3131FED79650016851F /* Info.plist */,
				2FAD9762203C412B000D30F8 /* config.xml */,
				50B271D01FEDC1A000F3C39B /* public */,
				2C98968A2BDC06C88C6AB0BB /* HangelBackgroundTasksPlugin.swift */,
				B2B0A676355D1A052ACE0815 /* HangelAppleSignInPlugin.swift */,
				9126E71704A029EA9CEDBCAF /* HangelWatchConnectivityPlugin.swift */,
				A2D314B5559DF9C5592F9987 /* hangel-alert.caf */,
				9974EFD3DD471FD38C9436E1 /* hangel-coins.caf */,
				4D457655089F46718B999F80 /* hangel-paper-money.caf */,
				E0B2E906FB4B13498C7AB6F9 /* hangel-blood.caf */,
				5B3494FF82985F9D859D1918 /* hangel-disaster.caf */,
				ECCA3FFA16A3E96671733288 /* hangel-volunteer.caf */,
				0E43DB09FAF86FA91565D659 /* hangel-event.caf */,
				FA63C7AAD1423F27AEA4FAA3 /* HangelLiveActivityAttributes.swift */,
				6EF0E00AA8367CCFAF92EE42 /* HangelLiveActivityPlugin.swift */,
				F5597C3D5CE86561CE8327CB /* HangelHealthPlugin.swift */,
				8ADAF69A77B095726C897FCF /* HangelWidgetPlugin.swift */,
				D92D0BEF06A0E5F3FFD8B67F /* HangelSilentPushPlugin.swift */,
				3FA6378DDB8C7CDDDEB075AB /* Icon-76.png */,
				99089A8CC1A95EB64A153AB1 /* Icon-120.png */,
				D3A344F2F0B266D687CD27FD /* Icon-152.png */,
				1AA2CE06417B635B52B94AED /* Icon-167.png */,
				8B684F0FAD489858800B7E00 /* Icon-180.png */,
			);
			path = App;
			sourceTree = "<group>";
		};
		5BAB660D019D0064F1F4FB0E /* iOS */ = {
			isa = PBXGroup;
			children = (
				8A2A9BA7FDEACE01C1C6D512 /* Foundation.framework */,
			);
			name = iOS;
			sourceTree = "<group>";
		};
		7515F2AC4DBD263F3ECF4CFF /* watchOS */ = {
			isa = PBXGroup;
			children = (
				12EFBF34B850E75CF1C82086 /* Foundation.framework */,
			);
			name = watchOS;
			sourceTree = "<group>";
		};
		84B5F12F39CE363E4B0E2588 /* HangelLiveActivities */ = {
			isa = PBXGroup;
			children = (
				F10D14FB365E21061786F5F7 /* HangelLiveActivities.swift */,
				F7D61F05E300BA2BBAE87397 /* EmergencyBloodLiveActivity.swift */,
				E38822D5DBC2513C97982415 /* VolunteerTaskLiveActivity.swift */,
				179A6BF6877B0095780BD722 /* EventCountdownLiveActivity.swift */,
				AAAA0002C04701A1B2C3D4E5 /* HangelControlWidgets.swift */,
				AAAA0004C04701A1B2C3D4E5 /* HangelHomeWidgets.swift */,
				1A79878439C6329563A8437A /* DonationCampaignLiveActivity.swift */,
				3817497A52E1B8AE2D0D29FA /* Info.plist */,
				EAA1830ABC5C32D691A6315C /* HangelLiveActivities.entitlements */,
			);
			name = HangelLiveActivities;
			path = HangelLiveActivities;
			sourceTree = "<group>";
		};
		A7B521F810BE5E27306552FB /* Frameworks */ = {
			isa = PBXGroup;
			children = (
				7515F2AC4DBD263F3ECF4CFF /* watchOS */,
				5BAB660D019D0064F1F4FB0E /* iOS */,
			);
			name = Frameworks;
			sourceTree = "<group>";
		};
		AE86B8F9543F8C5330E09C2E /* HangelWatch */ = {
			isa = PBXGroup;
			children = (
				4A5E2922F3390B03293575AB /* HangelWatchApp.swift */,
				74B28242FE67D8EFE0A1703A /* ContentView.swift */,
				E09F456D3C2DEA2750A80DA7 /* EmergencyBloodDetailView.swift */,
				3C999C34FA43377AECB2140F /* WatchAppDelegate.swift */,
				CD4659D98BF68E734557FA2C /* WatchConnectivityManager.swift */,
				BB36A98EDADDAD874D502BC4 /* Info.plist */,
				3DD0B2AF1538FE11D8288086 /* Assets.xcassets */,
			);
			name = HangelWatch;
			path = HangelWatch;
			sourceTree = SOURCE_ROOT;
		};
		C11C0A003000000000000001 /* HangelAppClip */ = {
			isa = PBXGroup;
			children = (
				C11C0A001000000000000001 /* HangelAppClipApp.swift */,
				C11C0A001000000000000002 /* ContentView.swift */,
				C11C0A001000000000000003 /* ClipState.swift */,
				C11C0A001000000000000004 /* ClipAPI.swift */,
				C11C0A001000000000000005 /* Info.plist */,
				C11C0A001000000000000006 /* HangelAppClip.entitlements */,
				3109BC103DA8731607AFB3B7 /* Assets.xcassets */,
			);
			name = HangelAppClip;
			path = HangelAppClip;
			sourceTree = SOURCE_ROOT;
		};
/* End PBXGroup section */

/* Begin PBXNativeTarget section */
		2DD5751A16152C657D0446CE /* HangelLiveActivities */ = {
			isa = PBXNativeTarget;
			buildConfigurationList = AE899EF810A271D38D6E6DE8 /* Build configuration list for PBXNativeTarget "HangelLiveActivities" */;
			buildPhases = (
				9B75F3398FEBFE6732D6E991 /* Sources */,
				A7BED033FE87EB5CD491E145 /* Frameworks */,
				3F96C931CEAF30EE5E27E9E9 /* Resources */,
			);
			buildRules = (
			);
			dependencies = (
			);
			name = HangelLiveActivities;
			productName = HangelLiveActivities;
			productReference = 69E41BEB81AF2B49C670ECF8 /* HangelLiveActivities.appex */;
			productType = "com.apple.product-type.app-extension";
		};
		504EC3031FED79650016851F /* App */ = {
			isa = PBXNativeTarget;
			buildConfigurationList = 504EC3161FED79650016851F /* Build configuration list for PBXNativeTarget "App" */;
			buildPhases = (
				504EC3001FED79650016851F /* Sources */,
				504EC3011FED79650016851F /* Frameworks */,
				504EC3021FED79650016851F /* Resources */,
				DD4B06DD9D3A57D1E135ABFB /* Embed Watch Content */,
				C11C0A003000000000000005 /* Embed App Clips */,
				1A47E439388CAB63700D3B20 /* Embed Foundation Extensions */,
			);
			buildRules = (
			);
			dependencies = (
				0D58A2A974D1D67781DAEE6C /* PBXTargetDependency */,
				C11C0A003000000000000007 /* PBXTargetDependency */,
				DFC6E5A2D3DBE407A21F537C /* PBXTargetDependency */,
			);
			name = App;
			packageProductDependencies = (
				4D22ABE82AF431CB00220026 /* CapApp-SPM */,
			);
			productName = App;
			productReference = 504EC3041FED79650016851F /* App.app */;
			productType = "com.apple.product-type.application";
		};
		5FC82C57944C5B2908026E8C /* HangelWatch */ = {
			isa = PBXNativeTarget;
			buildConfigurationList = CEF499645FEB73B911741D3B /* Build configuration list for PBXNativeTarget "HangelWatch" */;
			buildPhases = (
				251D6ABE44E945991C25EC02 /* Sources */,
				4B2AA9C039DEC4847BCF35F6 /* Frameworks */,
				572F7C803BA6F613DC86E173 /* Resources */,
			);
			buildRules = (
			);
			dependencies = (
			);
			name = HangelWatch;
			productName = HangelWatch;
			productReference = 57BBFEC425CB6D475E1BF366 /* HangelWatch.app */;
			productType = "com.apple.product-type.application";
		};
		C11C0A003000000000000006 /* HangelAppClip */ = {
			isa = PBXNativeTarget;
			buildConfigurationList = C11C0A003000000000000009 /* Build configuration list for PBXNativeTarget "HangelAppClip" */;
			buildPhases = (
				C11C0A003000000000000002 /* Sources */,
				C11C0A003000000000000004 /* Frameworks */,
				C11C0A003000000000000003 /* Resources */,
			);
			buildRules = (
			);
			dependencies = (
			);
			name = HangelAppClip;
			productName = HangelAppClip;
			productReference = C11C0A001000000000000007 /* HangelAppClip.app */;
			productType = "com.apple.product-type.application.on-demand-install-capable";
		};
/* End PBXNativeTarget section */

/* Begin PBXProject section */
		504EC2FC1FED79650016851F /* Project object */ = {
			isa = PBXProject;
			attributes = {
				LastSwiftUpdateCheck = 920;
				LastUpgradeCheck = 920;
				TargetAttributes = {
					504EC3031FED79650016851F = {
						CreatedOnToolsVersion = 9.2;
						LastSwiftMigration = 1100;
					};
				};
			};
			buildConfigurationList = 504EC2FF1FED79650016851F /* Build configuration list for PBXProject "App" */;
			compatibilityVersion = "Xcode 8.0";
			developmentRegion = en;
			hasScannedForEncodings = 0;
			knownRegions = (
				en,
				Base,
			);
			mainGroup = 504EC2FB1FED79650016851F;
			packageReferences = (
				D4C12C0A2AAA248700AAC8A2 /* XCLocalSwiftPackageReference "CapApp-SPM" */,
			);
			productRefGroup = 504EC3051FED79650016851F /* Products */;
			projectDirPath = "";
			projectRoot = "";
			targets = (
				504EC3031FED79650016851F /* App */,
				5FC82C57944C5B2908026E8C /* HangelWatch */,
				C11C0A003000000000000006 /* HangelAppClip */,
				2DD5751A16152C657D0446CE /* HangelLiveActivities */,
			);
		};
/* End PBXProject section */

/* Begin PBXResourcesBuildPhase section */
		3F96C931CEAF30EE5E27E9E9 /* Resources */ = {
			isa = PBXResourcesBuildPhase;
			buildActionMask = 2147483647;
			files = (
			);
			runOnlyForDeploymentPostprocessing = 0;
		};
		504EC3021FED79650016851F /* Resources */ = {
			isa = PBXResourcesBuildPhase;
			buildActionMask = 2147483647;
			files = (
				504EC3121FED79650016851F /* LaunchScreen.storyboard in Resources */,
				50B271D11FEDC1A000F3C39B /* public in Resources */,
				504EC30F1FED79650016851F /* Assets.xcassets in Resources */,
				50379B232058CBB4000EE86E /* capacitor.config.json in Resources */,
				504EC30D1FED79650016851F /* Main.storyboard in Resources */,
				2FAD9763203C412B000D30F8 /* config.xml in Resources */,
				A11E1EFF2F7B89030085F789 /* GoogleService-Info.plist in Resources */,
				DE5FC5EA8EA5E1D57D821A6E /* hangel-alert.caf in Resources */,
				C55EAFEB4894A83EEB0CAEFF /* hangel-coins.caf in Resources */,
				9ED5AFAB7AB1E781E94FB0C5 /* hangel-paper-money.caf in Resources */,
				285DDDBB68D9B0D3D3DCE1F2 /* hangel-blood.caf in Resources */,
				3C133BBEF396A43210F27B39 /* hangel-disaster.caf in Resources */,
				F88FD8F6163EAE4939DE3EEF /* hangel-volunteer.caf in Resources */,
				69B3C75EDABA1D16524C63D1 /* hangel-event.caf in Resources */,
				EF6FFE7E5B04A5CB4DBE7253 /* Icon-76.png in Resources */,
				41334EC9E22C97934CF56F6C /* Icon-120.png in Resources */,
				48F68FE1E685CDB79AD4AAD9 /* Icon-152.png in Resources */,
				DFD0509AE42360A94E96CB85 /* Icon-167.png in Resources */,
				F982C1029EE907CEC3DDA75E /* Icon-180.png in Resources */,
			);
			runOnlyForDeploymentPostprocessing = 0;
		};
		572F7C803BA6F613DC86E173 /* Resources */ = {
			isa = PBXResourcesBuildPhase;
			buildActionMask = 2147483647;
			files = (
				49AD2ABF58F0916F8DEBF509 /* Assets.xcassets in Resources */,
			);
			runOnlyForDeploymentPostprocessing = 0;
		};
		C11C0A003000000000000003 /* Resources */ = {
			isa = PBXResourcesBuildPhase;
			buildActionMask = 2147483647;
			files = (
				8BB94A43299FF38E6A990D99 /* Assets.xcassets in Resources */,
			);
			runOnlyForDeploymentPostprocessing = 0;
		};
/* End PBXResourcesBuildPhase section */

/* Begin PBXSourcesBuildPhase section */
		251D6ABE44E945991C25EC02 /* Sources */ = {
			isa = PBXSourcesBuildPhase;
			buildActionMask = 2147483647;
			files = (
				1B377CB3E853F8FB52D3ABF1 /* HangelWatchApp.swift in Sources */,
				A7B6045997B67067DBDCDE40 /* ContentView.swift in Sources */,
				5D1083187139087BE6090788 /* EmergencyBloodDetailView.swift in Sources */,
				BAC39E9CC36F036729030EA1 /* WatchAppDelegate.swift in Sources */,
				600E2BE4C5D92A0B39E12708 /* WatchConnectivityManager.swift in Sources */,
			);
			runOnlyForDeploymentPostprocessing = 0;
		};
		504EC3001FED79650016851F /* Sources */ = {
			isa = PBXSourcesBuildPhase;
			buildActionMask = 2147483647;
			files = (
				504EC3081FED79650016851F /* AppDelegate.swift in Sources */,
				BBBB0001C04701A1B2C3D4E5 /* HangelAppIntents.swift in Sources */,
				177AB4B09B7DA119A813C050 /* HangelBackgroundTasksPlugin.swift in Sources */,
				573BE32EB0C31FB321E29A8A /* HangelAppleSignInPlugin.swift in Sources */,
				9CC1E2FEB0FBCBE62420577D /* HangelWatchConnectivityPlugin.swift in Sources */,
				20F5ED9307AB604BBE28180C /* HangelLiveActivityAttributes.swift in Sources */,
				58DBE0CE07C6249833EC9BCE /* HangelLiveActivityPlugin.swift in Sources */,
				4583F0933CBA32C55E663D61 /* HangelHealthPlugin.swift in Sources */,
				A1460375D853FDDC5D3B7FA3 /* HangelWidgetPlugin.swift in Sources */,
				B1456F3727F4F9CCD994C907 /* HangelSilentPushPlugin.swift in Sources */,
			);
			runOnlyForDeploymentPostprocessing = 0;
		};
		9B75F3398FEBFE6732D6E991 /* Sources */ = {
			isa = PBXSourcesBuildPhase;
			buildActionMask = 2147483647;
			files = (
				64911D68D2BBEC71C134E038 /* HangelLiveActivities.swift in Sources */,
				0AF3A0B77CFC03B0A89FCDA1 /* EmergencyBloodLiveActivity.swift in Sources */,
				F03D14A3A2840DE723C46630 /* VolunteerTaskLiveActivity.swift in Sources */,
				FEFE382B8E5B51D1AE1E58BA /* EventCountdownLiveActivity.swift in Sources */,
				AAAA0001C04701A1B2C3D4E5 /* HangelControlWidgets.swift in Sources */,
				AAAA0003C04701A1B2C3D4E5 /* HangelHomeWidgets.swift in Sources */,
				10BB69DCE0C3869C6BA5F6CE /* DonationCampaignLiveActivity.swift in Sources */,
				9E5280DC7337BFD5D42A8BD6 /* HangelLiveActivityAttributes.swift in Sources */,
			);
			runOnlyForDeploymentPostprocessing = 0;
		};
		C11C0A003000000000000002 /* Sources */ = {
			isa = PBXSourcesBuildPhase;
			buildActionMask = 2147483647;
			files = (
				C11C0A002000000000000001 /* HangelAppClipApp.swift in Sources */,
				C11C0A002000000000000002 /* ContentView.swift in Sources */,
				C11C0A002000000000000003 /* ClipState.swift in Sources */,
				C11C0A002000000000000004 /* ClipAPI.swift in Sources */,
			);
			runOnlyForDeploymentPostprocessing = 0;
		};
/* End PBXSourcesBuildPhase section */

/* Begin PBXTargetDependency section */
		0D58A2A974D1D67781DAEE6C /* PBXTargetDependency */ = {
			isa = PBXTargetDependency;
			name = HangelWatch;
			target = 5FC82C57944C5B2908026E8C /* HangelWatch */;
			targetProxy = E939827D922CA52DC54A0274 /* PBXContainerItemProxy */;
		};
		C11C0A003000000000000007 /* PBXTargetDependency */ = {
			isa = PBXTargetDependency;
			name = HangelAppClip;
			target = C11C0A003000000000000006 /* HangelAppClip */;
			targetProxy = C11C0A003000000000000008 /* PBXContainerItemProxy */;
		};
		DFC6E5A2D3DBE407A21F537C /* PBXTargetDependency */ = {
			isa = PBXTargetDependency;
			name = HangelLiveActivities;
			target = 2DD5751A16152C657D0446CE /* HangelLiveActivities */;
			targetProxy = 9DEF4CC0A4CCA59B1330B44D /* PBXContainerItemProxy */;
		};
/* End PBXTargetDependency section */

/* Begin PBXVariantGroup section */
		504EC30B1FED79650016851F /* Main.storyboard */ = {
			isa = PBXVariantGroup;
			children = (
				504EC30C1FED79650016851F /* Base */,
			);
			name = Main.storyboard;
			sourceTree = "<group>";
		};
		504EC3101FED79650016851F /* LaunchScreen.storyboard */ = {
			isa = PBXVariantGroup;
			children = (
				504EC3111FED79650016851F /* Base */,
			);
			name = LaunchScreen.storyboard;
			sourceTree = "<group>";
		};
/* End PBXVariantGroup section */

/* Begin XCBuildConfiguration section */
		3EB3F29521D99AEB8FA8E136 /* Release */ = {
			isa = XCBuildConfiguration;
			buildSettings = {
				ASSETCATALOG_COMPILER_APPICON_NAME = AppIcon;
				CLANG_ENABLE_OBJC_WEAK = NO;
				CODE_SIGN_ENTITLEMENTS = HangelLiveActivities/HangelLiveActivities.entitlements;
				CODE_SIGN_STYLE = Manual;
				CURRENT_PROJECT_VERSION = 1;
				DEVELOPMENT_TEAM = NKZNY8NU8S;
				ENABLE_PREVIEWS = YES;
				GENERATE_INFOPLIST_FILE = NO;
				INFOPLIST_FILE = HangelLiveActivities/Info.plist;
				INFOPLIST_KEY_CFBundleDisplayName = Hangel;
				INFOPLIST_KEY_NSHumanReadableCopyright = Hangel;
				IPHONEOS_DEPLOYMENT_TARGET = 16.1;
				LD_RUNPATH_SEARCH_PATHS = (
					"$(inherited)",
					"@executable_path/Frameworks",
					"@executable_path/../../Frameworks",
				);
				MARKETING_VERSION = 2.0.4;
				MTL_ENABLE_DEBUG_INFO = INCLUDE_SOURCE;
				MTL_FAST_MATH = YES;
				PRODUCT_BUNDLE_IDENTIFIER = com.hangel.ios.app.widgets;
				PRODUCT_NAME = "$(TARGET_NAME)";
				SDKROOT = iphoneos;
				SKIP_INSTALL = YES;
				SUPPORTS_MACCATALYST = NO;
				SUPPORTS_XR_DESIGNED_FOR_IPHONE_IPAD = NO;
				SWIFT_EMIT_LOC_STRINGS = YES;
				SWIFT_VERSION = 5.0;
				TARGETED_DEVICE_FAMILY = "1,2";
				VALIDATE_PRODUCT = YES;
			};
			name = Release;
		};
		504EC3141FED79650016851F /* Debug */ = {
			isa = XCBuildConfiguration;
			baseConfigurationReference = 958DCC722DB07C7200EA8C5F /* debug.xcconfig */;
			buildSettings = {
				ALWAYS_SEARCH_USER_PATHS = NO;
				CLANG_ANALYZER_NONNULL = YES;
				CLANG_ANALYZER_NUMBER_OBJECT_CONVERSION = YES_AGGRESSIVE;
				CLANG_CXX_LANGUAGE_STANDARD = "gnu++14";
				CLANG_CXX_LIBRARY = "libc++";
				CLANG_ENABLE_MODULES = YES;
				CLANG_ENABLE_OBJC_ARC = YES;
				CLANG_WARN_BLOCK_CAPTURE_AUTORELEASING = YES;
				CLANG_WARN_BOOL_CONVERSION = YES;
				CLANG_WARN_COMMA = YES;
				CLANG_WARN_CONSTANT_CONVERSION = YES;
				CLANG_WARN_DIRECT_OBJC_ISA_USAGE = YES_ERROR;
				CLANG_WARN_DOCUMENTATION_COMMENTS = YES;
				CLANG_WARN_EMPTY_BODY = YES;
				CLANG_WARN_ENUM_CONVERSION = YES;
				CLANG_WARN_INFINITE_RECURSION = YES;
				CLANG_WARN_INT_CONVERSION = YES;
				CLANG_WARN_NON_LITERAL_NULL_CONVERSION = YES;
				CLANG_WARN_OBJC_LITERAL_CONVERSION = YES;
				CLANG_WARN_OBJC_ROOT_CLASS = YES_ERROR;
				CLANG_WARN_RANGE_LOOP_ANALYSIS = YES;
				CLANG_WARN_STRICT_PROTOTYPES = YES;
				CLANG_WARN_SUSPICIOUS_MOVE = YES;
				CLANG_WARN_UNGUARDED_AVAILABILITY = YES_AGGRESSIVE;
				CLANG_WARN_UNREACHABLE_CODE = YES;
				CLANG_WARN__DUPLICATE_METHOD_MATCH = YES;
				CODE_SIGN_IDENTITY = "iPhone Developer";
				COPY_PHASE_STRIP = NO;
				DEBUG_INFORMATION_FORMAT = dwarf;
				ENABLE_STRICT_OBJC_MSGSEND = YES;
				ENABLE_TESTABILITY = YES;
				GCC_C_LANGUAGE_STANDARD = gnu11;
				GCC_DYNAMIC_NO_PIC = NO;
				GCC_NO_COMMON_BLOCKS = YES;
				GCC_OPTIMIZATION_LEVEL = 0;
				GCC_PREPROCESSOR_DEFINITIONS = (
					"DEBUG=1",
					"$(inherited)",
				);
				GCC_WARN_64_TO_32_BIT_CONVERSION = YES;
				GCC_WARN_ABOUT_RETURN_TYPE = YES_ERROR;
				GCC_WARN_UNDECLARED_SELECTOR = YES;
				GCC_WARN_UNINITIALIZED_AUTOS = YES_AGGRESSIVE;
				GCC_WARN_UNUSED_FUNCTION = YES;
				GCC_WARN_UNUSED_VARIABLE = YES;
				IPHONEOS_DEPLOYMENT_TARGET = 15.0;
				MTL_ENABLE_DEBUG_INFO = YES;
				ONLY_ACTIVE_ARCH = YES;
				SDKROOT = iphoneos;
				SWIFT_ACTIVE_COMPILATION_CONDITIONS = DEBUG;
				SWIFT_OPTIMIZATION_LEVEL = "-Onone";
			};
			name = Debug;
		};
		504EC3151FED79650016851F /* Release */ = {
			isa = XCBuildConfiguration;
			buildSettings = {
				ALWAYS_SEARCH_USER_PATHS = NO;
				CLANG_ANALYZER_NONNULL = YES;
				CLANG_ANALYZER_NUMBER_OBJECT_CONVERSION = YES_AGGRESSIVE;
				CLANG_CXX_LANGUAGE_STANDARD = "gnu++14";
				CLANG_CXX_LIBRARY = "libc++";
				CLANG_ENABLE_MODULES = YES;
				CLANG_ENABLE_OBJC_ARC = YES;
				CLANG_WARN_BLOCK_CAPTURE_AUTORELEASING = YES;
				CLANG_WARN_BOOL_CONVERSION = YES;
				CLANG_WARN_COMMA = YES;
				CLANG_WARN_CONSTANT_CONVERSION = YES;
				CLANG_WARN_DIRECT_OBJC_ISA_USAGE = YES_ERROR;
				CLANG_WARN_DOCUMENTATION_COMMENTS = YES;
				CLANG_WARN_EMPTY_BODY = YES;
				CLANG_WARN_ENUM_CONVERSION = YES;
				CLANG_WARN_INFINITE_RECURSION = YES;
				CLANG_WARN_INT_CONVERSION = YES;
				CLANG_WARN_NON_LITERAL_NULL_CONVERSION = YES;
				CLANG_WARN_OBJC_LITERAL_CONVERSION = YES;
				CLANG_WARN_OBJC_ROOT_CLASS = YES_ERROR;
				CLANG_WARN_RANGE_LOOP_ANALYSIS = YES;
				CLANG_WARN_STRICT_PROTOTYPES = YES;
				CLANG_WARN_SUSPICIOUS_MOVE = YES;
				CLANG_WARN_UNGUARDED_AVAILABILITY = YES_AGGRESSIVE;
				CLANG_WARN_UNREACHABLE_CODE = YES;
				CLANG_WARN__DUPLICATE_METHOD_MATCH = YES;
				CODE_SIGN_IDENTITY = "iPhone Developer";
				COPY_PHASE_STRIP = NO;
				DEBUG_INFORMATION_FORMAT = "dwarf-with-dsym";
				ENABLE_NS_ASSERTIONS = NO;
				ENABLE_STRICT_OBJC_MSGSEND = YES;
				GCC_C_LANGUAGE_STANDARD = gnu11;
				GCC_NO_COMMON_BLOCKS = YES;
				GCC_WARN_64_TO_32_BIT_CONVERSION = YES;
				GCC_WARN_ABOUT_RETURN_TYPE = YES_ERROR;
				GCC_WARN_UNDECLARED_SELECTOR = YES;
				GCC_WARN_UNINITIALIZED_AUTOS = YES_AGGRESSIVE;
				GCC_WARN_UNUSED_FUNCTION = YES;
				GCC_WARN_UNUSED_VARIABLE = YES;
				IPHONEOS_DEPLOYMENT_TARGET = 15.0;
				MTL_ENABLE_DEBUG_INFO = NO;
				SDKROOT = iphoneos;
				SWIFT_COMPILATION_MODE = wholemodule;
				SWIFT_OPTIMIZATION_LEVEL = "-O";
				VALIDATE_PRODUCT = YES;
			};
			name = Release;
		};
		504EC3171FED79650016851F /* Debug */ = {
			isa = XCBuildConfiguration;
			baseConfigurationReference = 958DCC722DB07C7200EA8C5F /* debug.xcconfig */;
			buildSettings = {
				ASSETCATALOG_COMPILER_APPICON_NAME = AppIcon;
				CODE_SIGN_ENTITLEMENTS = App/App.entitlements;
				CODE_SIGN_IDENTITY = "Apple Distribution";
				CODE_SIGN_STYLE = Manual;
				CURRENT_PROJECT_VERSION = 2;
				DEVELOPMENT_TEAM = NKZNY8NU8S;
				INFOPLIST_FILE = App/Info.plist;
				IPHONEOS_DEPLOYMENT_TARGET = 15.0;
				LD_RUNPATH_SEARCH_PATHS = (
					"$(inherited)",
					"@executable_path/Frameworks",
				);
				MARKETING_VERSION = 2.0.4;
				OTHER_SWIFT_FLAGS = "$(inherited) \"-D\" \"COCOAPODS\" \"-DDEBUG\"";
				PRODUCT_BUNDLE_IDENTIFIER = com.hangel.ios.app;
				PRODUCT_NAME = "$(TARGET_NAME)";
				PROVISIONING_PROFILE_SPECIFIER = "";
				SWIFT_ACTIVE_COMPILATION_CONDITIONS = DEBUG;
				SWIFT_VERSION = 5.0;
				TARGETED_DEVICE_FAMILY = "1,2";
			};
			name = Debug;
		};
		504EC3181FED79650016851F /* Release */ = {
			isa = XCBuildConfiguration;
			buildSettings = {
				ASSETCATALOG_COMPILER_APPICON_NAME = AppIcon;
				CODE_SIGN_ENTITLEMENTS = App/App.entitlements;
				CODE_SIGN_IDENTITY = "Apple Distribution";
				CODE_SIGN_STYLE = Manual;
				CURRENT_PROJECT_VERSION = 2;
				DEVELOPMENT_TEAM = NKZNY8NU8S;
				INFOPLIST_FILE = App/Info.plist;
				IPHONEOS_DEPLOYMENT_TARGET = 15.0;
				LD_RUNPATH_SEARCH_PATHS = (
					"$(inherited)",
					"@executable_path/Frameworks",
				);
				MARKETING_VERSION = 2.0.4;
				PRODUCT_BUNDLE_IDENTIFIER = com.hangel.ios.app;
				PRODUCT_NAME = "$(TARGET_NAME)";
				PROVISIONING_PROFILE_SPECIFIER = "";
				SWIFT_ACTIVE_COMPILATION_CONDITIONS = "";
				SWIFT_VERSION = 5.0;
				TARGETED_DEVICE_FAMILY = "1,2";
			};
			name = Release;
		};
		73B1215CAA232ECA8101FE51 /* Release */ = {
			isa = XCBuildConfiguration;
			buildSettings = {
				ALWAYS_EMBED_SWIFT_STANDARD_LIBRARIES = YES;
				ASSETCATALOG_COMPILER_APPICON_NAME = AppIcon;
				ASSETCATALOG_COMPILER_GLOBAL_ACCENT_COLOR_NAME = AccentColor;
				CODE_SIGN_STYLE = Manual;
				CURRENT_PROJECT_VERSION = 1;
				DEVELOPMENT_TEAM = NKZNY8NU8S;
				ENABLE_PREVIEWS = YES;
				GENERATE_INFOPLIST_FILE = NO;
				INFOPLIST_FILE = HangelWatch/Info.plist;
				INFOPLIST_KEY_CFBundleDisplayName = Hangel;
				INFOPLIST_KEY_UIApplicationSceneManifest_Generation = YES;
				INFOPLIST_KEY_UILaunchScreen_Generation = YES;
				INFOPLIST_KEY_WKApplication = YES;
				INFOPLIST_KEY_WKCompanionAppBundleIdentifier = com.hangel.ios.app;
				INFOPLIST_KEY_WKRunsIndependentlyOfCompanionApp = NO;
				INFOPLIST_KEY_WKWatchOnly = NO;
				LD_RUNPATH_SEARCH_PATHS = (
					"$(inherited)",
					"@executable_path/Frameworks",
				);
				MARKETING_VERSION = 2.0.4;
				PRODUCT_BUNDLE_IDENTIFIER = com.hangel.ios.app.watchapp;
				PRODUCT_NAME = "$(TARGET_NAME)";
				SDKROOT = watchos;
				SKIP_INSTALL = YES;
				SUPPORTS_MACCATALYST = NO;
				SUPPORTS_XR_DESIGNED_FOR_IPHONE_IPAD = NO;
				SWIFT_EMIT_LOC_STRINGS = YES;
				SWIFT_VERSION = 5.0;
				TARGETED_DEVICE_FAMILY = 4;
				VALIDATE_PRODUCT = YES;
				WATCHOS_DEPLOYMENT_TARGET = 10.0;
			};
			name = Release;
		};
		A73F5DB97AA8988F616900AD /* Debug */ = {
			isa = XCBuildConfiguration;
			buildSettings = {
				ASSETCATALOG_COMPILER_APPICON_NAME = AppIcon;
				CLANG_ENABLE_OBJC_WEAK = NO;
				CODE_SIGN_ENTITLEMENTS = HangelLiveActivities/HangelLiveActivities.entitlements;
				CODE_SIGN_STYLE = Manual;
				CURRENT_PROJECT_VERSION = 1;
				DEVELOPMENT_TEAM = NKZNY8NU8S;
				ENABLE_PREVIEWS = YES;
				GENERATE_INFOPLIST_FILE = NO;
				INFOPLIST_FILE = HangelLiveActivities/Info.plist;
				INFOPLIST_KEY_CFBundleDisplayName = Hangel;
				INFOPLIST_KEY_NSHumanReadableCopyright = Hangel;
				IPHONEOS_DEPLOYMENT_TARGET = 16.1;
				LD_RUNPATH_SEARCH_PATHS = (
					"$(inherited)",
					"@executable_path/Frameworks",
					"@executable_path/../../Frameworks",
				);
				MARKETING_VERSION = 2.0.4;
				MTL_ENABLE_DEBUG_INFO = INCLUDE_SOURCE;
				MTL_FAST_MATH = YES;
				PRODUCT_BUNDLE_IDENTIFIER = com.hangel.ios.app.widgets;
				PRODUCT_NAME = "$(TARGET_NAME)";
				SDKROOT = iphoneos;
				SKIP_INSTALL = YES;
				SUPPORTS_MACCATALYST = NO;
				SUPPORTS_XR_DESIGNED_FOR_IPHONE_IPAD = NO;
				SWIFT_EMIT_LOC_STRINGS = YES;
				SWIFT_VERSION = 5.0;
				TARGETED_DEVICE_FAMILY = "1,2";
			};
			name = Debug;
		};
		C11C0A0030000000000000AA /* Debug */ = {
			isa = XCBuildConfiguration;
			buildSettings = {
				ALWAYS_EMBED_SWIFT_STANDARD_LIBRARIES = YES;
				ASSETCATALOG_COMPILER_APPICON_NAME = AppIcon;
				ASSETCATALOG_COMPILER_GLOBAL_ACCENT_COLOR_NAME = AccentColor;
				CODE_SIGN_ENTITLEMENTS = HangelAppClip/HangelAppClip.entitlements;
				CODE_SIGN_STYLE = Manual;
				CURRENT_PROJECT_VERSION = 1;
				DEVELOPMENT_TEAM = NKZNY8NU8S;
				ENABLE_PREVIEWS = YES;
				GENERATE_INFOPLIST_FILE = NO;
				INFOPLIST_FILE = HangelAppClip/Info.plist;
				INFOPLIST_KEY_CFBundleDisplayName = Hangel;
				INFOPLIST_KEY_UIApplicationSceneManifest_Generation = NO;
				INFOPLIST_KEY_UILaunchScreen_Generation = YES;
				INFOPLIST_KEY_UISupportedInterfaceOrientations = UIInterfaceOrientationPortrait;
				IPHONEOS_DEPLOYMENT_TARGET = 16.0;
				LD_RUNPATH_SEARCH_PATHS = (
					"$(inherited)",
					"@executable_path/Frameworks",
				);
				MARKETING_VERSION = 2.0.4;
				PRODUCT_BUNDLE_IDENTIFIER = com.hangel.ios.app.Clip;
				PRODUCT_NAME = "$(TARGET_NAME)";
				SDKROOT = iphoneos;
				SKIP_INSTALL = YES;
				SUPPORTS_MACCATALYST = NO;
				SUPPORTS_XR_DESIGNED_FOR_IPHONE_IPAD = NO;
				SWIFT_ACTIVE_COMPILATION_CONDITIONS = DEBUG;
				SWIFT_EMIT_LOC_STRINGS = YES;
				SWIFT_VERSION = 5.0;
				TARGETED_DEVICE_FAMILY = "1,2";
			};
			name = Debug;
		};
		C11C0A0030000000000000BB /* Release */ = {
			isa = XCBuildConfiguration;
			buildSettings = {
				ALWAYS_EMBED_SWIFT_STANDARD_LIBRARIES = YES;
				ASSETCATALOG_COMPILER_APPICON_NAME = AppIcon;
				ASSETCATALOG_COMPILER_GLOBAL_ACCENT_COLOR_NAME = AccentColor;
				CODE_SIGN_ENTITLEMENTS = HangelAppClip/HangelAppClip.entitlements;
				CODE_SIGN_STYLE = Manual;
				CURRENT_PROJECT_VERSION = 1;
				DEVELOPMENT_TEAM = NKZNY8NU8S;
				ENABLE_PREVIEWS = YES;
				GENERATE_INFOPLIST_FILE = NO;
				INFOPLIST_FILE = HangelAppClip/Info.plist;
				INFOPLIST_KEY_CFBundleDisplayName = Hangel;
				INFOPLIST_KEY_UIApplicationSceneManifest_Generation = NO;
				INFOPLIST_KEY_UILaunchScreen_Generation = YES;
				INFOPLIST_KEY_UISupportedInterfaceOrientations = UIInterfaceOrientationPortrait;
				IPHONEOS_DEPLOYMENT_TARGET = 16.0;
				LD_RUNPATH_SEARCH_PATHS = (
					"$(inherited)",
					"@executable_path/Frameworks",
				);
				MARKETING_VERSION = 2.0.4;
				PRODUCT_BUNDLE_IDENTIFIER = com.hangel.ios.app.Clip;
				PRODUCT_NAME = "$(TARGET_NAME)";
				SDKROOT = iphoneos;
				SKIP_INSTALL = YES;
				SUPPORTS_MACCATALYST = NO;
				SUPPORTS_XR_DESIGNED_FOR_IPHONE_IPAD = NO;
				SWIFT_EMIT_LOC_STRINGS = YES;
				SWIFT_VERSION = 5.0;
				TARGETED_DEVICE_FAMILY = "1,2";
				VALIDATE_PRODUCT = YES;
			};
			name = Release;
		};
		CD330E5459D53F7FAAB2485A /* Debug */ = {
			isa = XCBuildConfiguration;
			buildSettings = {
				ALWAYS_EMBED_SWIFT_STANDARD_LIBRARIES = YES;
				ASSETCATALOG_COMPILER_APPICON_NAME = AppIcon;
				ASSETCATALOG_COMPILER_GLOBAL_ACCENT_COLOR_NAME = AccentColor;
				CODE_SIGN_STYLE = Manual;
				CURRENT_PROJECT_VERSION = 1;
				DEVELOPMENT_TEAM = NKZNY8NU8S;
				ENABLE_PREVIEWS = YES;
				GENERATE_INFOPLIST_FILE = NO;
				INFOPLIST_FILE = HangelWatch/Info.plist;
				INFOPLIST_KEY_CFBundleDisplayName = Hangel;
				INFOPLIST_KEY_UIApplicationSceneManifest_Generation = YES;
				INFOPLIST_KEY_UILaunchScreen_Generation = YES;
				INFOPLIST_KEY_WKApplication = YES;
				INFOPLIST_KEY_WKCompanionAppBundleIdentifier = com.hangel.ios.app;
				INFOPLIST_KEY_WKRunsIndependentlyOfCompanionApp = NO;
				INFOPLIST_KEY_WKWatchOnly = NO;
				LD_RUNPATH_SEARCH_PATHS = (
					"$(inherited)",
					"@executable_path/Frameworks",
				);
				MARKETING_VERSION = 2.0.4;
				PRODUCT_BUNDLE_IDENTIFIER = com.hangel.ios.app.watchapp;
				PRODUCT_NAME = "$(TARGET_NAME)";
				SDKROOT = watchos;
				SKIP_INSTALL = YES;
				SUPPORTS_MACCATALYST = NO;
				SUPPORTS_XR_DESIGNED_FOR_IPHONE_IPAD = NO;
				SWIFT_EMIT_LOC_STRINGS = YES;
				SWIFT_VERSION = 5.0;
				TARGETED_DEVICE_FAMILY = 4;
				WATCHOS_DEPLOYMENT_TARGET = 10.0;
			};
			name = Debug;
		};
/* End XCBuildConfiguration section */

/* Begin XCConfigurationList section */
		504EC2FF1FED79650016851F /* Build configuration list for PBXProject "App" */ = {
			isa = XCConfigurationList;
			buildConfigurations = (
				504EC3141FED79650016851F /* Debug */,
				504EC3151FED79650016851F /* Release */,
			);
			defaultConfigurationIsVisible = 0;
			defaultConfigurationName = Release;
		};
		504EC3161FED79650016851F /* Build configuration list for PBXNativeTarget "App" */ = {
			isa = XCConfigurationList;
			buildConfigurations = (
				504EC3171FED79650016851F /* Debug */,
				504EC3181FED79650016851F /* Release */,
			);
			defaultConfigurationIsVisible = 0;
			defaultConfigurationName = Release;
		};
		AE899EF810A271D38D6E6DE8 /* Build configuration list for PBXNativeTarget "HangelLiveActivities" */ = {
			isa = XCConfigurationList;
			buildConfigurations = (
				3EB3F29521D99AEB8FA8E136 /* Release */,
				A73F5DB97AA8988F616900AD /* Debug */,
			);
			defaultConfigurationIsVisible = 0;
			defaultConfigurationName = Release;
		};
		C11C0A003000000000000009 /* Build configuration list for PBXNativeTarget "HangelAppClip" */ = {
			isa = XCConfigurationList;
			buildConfigurations = (
				C11C0A0030000000000000AA /* Debug */,
				C11C0A0030000000000000BB /* Release */,
			);
			defaultConfigurationIsVisible = 0;
			defaultConfigurationName = Release;
		};
		CEF499645FEB73B911741D3B /* Build configuration list for PBXNativeTarget "HangelWatch" */ = {
			isa = XCConfigurationList;
			buildConfigurations = (
				73B1215CAA232ECA8101FE51 /* Release */,
				CD330E5459D53F7FAAB2485A /* Debug */,
			);
			defaultConfigurationIsVisible = 0;
			defaultConfigurationName = Release;
		};
/* End XCConfigurationList section */

/* Begin XCLocalSwiftPackageReference section */
		D4C12C0A2AAA248700AAC8A2 /* XCLocalSwiftPackageReference "CapApp-SPM" */ = {
			isa = XCLocalSwiftPackageReference;
			relativePath = "CapApp-SPM";
		};
/* End XCLocalSwiftPackageReference section */

/* Begin XCSwiftPackageProductDependency section */
		4D22ABE82AF431CB00220026 /* CapApp-SPM */ = {
			isa = XCSwiftPackageProductDependency;
			package = D4C12C0A2AAA248700AAC8A2 /* XCLocalSwiftPackageReference "CapApp-SPM" */;
			productName = "CapApp-SPM";
		};
/* End XCSwiftPackageProductDependency section */
	};
	rootObject = 504EC2FC1FED79650016851F /* Project object */;
}
