PODS:
  - cloud_firestore (4.9.0):
    - Firebase/Firestore (= 10.12.0)
    - firebase_core
    - Flutter
    - nanopb (< 2.30910.0, >= 2.30908.0)
  - DKImagePickerController/Core (4.3.4):
    - DKImagePickerController/ImageDataManager
    - DKImagePickerController/Resource
  - DKImagePickerController/ImageDataManager (4.3.4)
  - DKImagePickerController/PhotoGallery (4.3.4):
    - DKImagePickerController/Core
    - DKPhotoGallery
  - DKImagePickerController/Resource (4.3.4)
  - DKPhotoGallery (0.0.17):
    - DKPhotoGallery/Core (= 0.0.17)
    - DKPhotoGallery/Model (= 0.0.17)
    - DKPhotoGallery/Preview (= 0.0.17)
    - DKPhotoGallery/Resource (= 0.0.17)
    - SDWebImage
    - SwiftyGif
  - DKPhotoGallery/Core (0.0.17):
    - DKPhotoGallery/Model
    - DKPhotoGallery/Preview
    - SDWebImage
    - SwiftyGif
  - DKPhotoGallery/Model (0.0.17):
    - SDWebImage
    - SwiftyGif
  - DKPhotoGallery/Preview (0.0.17):
    - DKPhotoGallery/Model
    - DKPhotoGallery/Resource
    - SDWebImage
    - SwiftyGif
  - DKPhotoGallery/Resource (0.0.17):
    - SDWebImage
    - SwiftyGif
  - file_picker (0.0.1):
    - DKImagePickerController/PhotoGallery
    - Flutter
  - Firebase/Auth (10.12.0):
    - Firebase/CoreOnly
    - FirebaseAuth (~> 10.12.0)
  - Firebase/CoreOnly (10.12.0):
    - FirebaseCore (= 10.12.0)
  - Firebase/Firestore (10.12.0):
    - Firebase/CoreOnly
    - FirebaseFirestore (~> 10.12.0)
  - Firebase/Storage (10.12.0):
    - Firebase/CoreOnly
    - FirebaseStorage (~> 10.12.0)
  - firebase_auth (4.7.3):
    - Firebase/Auth (= 10.12.0)
    - firebase_core
    - Flutter
  - firebase_core (2.15.1):
    - Firebase/CoreOnly (= 10.12.0)
    - Flutter
  - firebase_storage (11.2.6):
    - Firebase/Storage (= 10.12.0)
    - firebase_core
    - Flutter
  - FirebaseAppCheckInterop (10.12.0)
  - FirebaseAuth (10.12.0):
    - FirebaseAppCheckInterop (~> 10.0)
    - FirebaseCore (~> 10.0)
    - GoogleUtilities/AppDelegateSwizzler (~> 7.8)
    - GoogleUtilities/Environment (~> 7.8)
    - GTMSessionFetcher/Core (< 4.0, >= 2.1)
  - FirebaseAuthInterop (10.12.0)
  - FirebaseCore (10.12.0):
    - FirebaseCoreInternal (~> 10.0)
    - GoogleUtilities/Environment (~> 7.8)
    - GoogleUtilities/Logger (~> 7.8)
  - FirebaseCoreExtension (10.12.0):
    - FirebaseCore (~> 10.0)
  - FirebaseCoreInternal (10.12.0):
    - "GoogleUtilities/NSData+zlib (~> 7.8)"
  - FirebaseFirestore (10.12.0):
    - FirebaseFirestore/AutodetectLeveldb (= 10.12.0)
  - FirebaseFirestore/AutodetectLeveldb (10.12.0):
    - FirebaseFirestore/Base
    - FirebaseFirestore/WithLeveldb
  - FirebaseFirestore/Base (10.12.0)
  - FirebaseFirestore/WithLeveldb (10.12.0):
    - FirebaseFirestore/Base
  - FirebaseStorage (10.12.0):
    - FirebaseAppCheckInterop (~> 10.0)
    - FirebaseAuthInterop (~> 10.0)
    - FirebaseCore (~> 10.0)
    - FirebaseCoreExtension (~> 10.0)
    - GTMSessionFetcher/Core (< 4.0, >= 2.1)
  - Flutter (1.0.0)
  - fluttertoast (0.0.2):
    - Flutter
    - Toast
  - FMDB (2.7.5):
    - FMDB/standard (= 2.7.5)
  - FMDB/standard (2.7.5)
  - GoogleUtilities/AppDelegateSwizzler (7.11.4):
    - GoogleUtilities/Environment
    - GoogleUtilities/Logger
    - GoogleUtilities/Network
  - GoogleUtilities/Environment (7.11.4):
    - PromisesObjC (< 3.0, >= 1.2)
  - GoogleUtilities/Logger (7.11.4):
    - GoogleUtilities/Environment
  - GoogleUtilities/Network (7.11.4):
    - GoogleUtilities/Logger
    - "GoogleUtilities/NSData+zlib"
    - GoogleUtilities/Reachability
  - "GoogleUtilities/NSData+zlib (7.11.4)"
  - GoogleUtilities/Reachability (7.11.4):
    - GoogleUtilities/Logger
  - GTMSessionFetcher/Core (3.1.1)
  - image_picker_ios (0.0.1):
    - Flutter
  - nanopb (2.30909.0):
    - nanopb/decode (= 2.30909.0)
    - nanopb/encode (= 2.30909.0)
  - nanopb/decode (2.30909.0)
  - nanopb/encode (2.30909.0)
  - path_provider_foundation (0.0.1):
    - Flutter
    - FlutterMacOS
  - PromisesObjC (2.3.1)
  - SDWebImage (5.17.0):
    - SDWebImage/Core (= 5.17.0)
  - SDWebImage/Core (5.17.0)
  - smart_auth (0.0.1):
    - Flutter
  - sqflite (0.0.3):
    - Flutter
    - FMDB (>= 2.7.5)
  - SwiftyGif (5.4.4)
  - Toast (4.0.0)
  - url_launcher_ios (0.0.1):
    - Flutter

DEPENDENCIES:
  - cloud_firestore (from `.symlinks/plugins/cloud_firestore/ios`)
  - file_picker (from `.symlinks/plugins/file_picker/ios`)
  - firebase_auth (from `.symlinks/plugins/firebase_auth/ios`)
  - firebase_core (from `.symlinks/plugins/firebase_core/ios`)
  - firebase_storage (from `.symlinks/plugins/firebase_storage/ios`)
  - FirebaseFirestore (from `https://github.com/invertase/firestore-ios-sdk-frameworks.git`, tag `10.12.0`)
  - Flutter (from `Flutter`)
  - fluttertoast (from `.symlinks/plugins/fluttertoast/ios`)
  - image_picker_ios (from `.symlinks/plugins/image_picker_ios/ios`)
  - path_provider_foundation (from `.symlinks/plugins/path_provider_foundation/darwin`)
  - smart_auth (from `.symlinks/plugins/smart_auth/ios`)
  - sqflite (from `.symlinks/plugins/sqflite/ios`)
  - url_launcher_ios (from `.symlinks/plugins/url_launcher_ios/ios`)

SPEC REPOS:
  trunk:
    - DKImagePickerController
    - DKPhotoGallery
    - Firebase
    - FirebaseAppCheckInterop
    - FirebaseAuth
    - FirebaseAuthInterop
    - FirebaseCore
    - FirebaseCoreExtension
    - FirebaseCoreInternal
    - FirebaseStorage
    - FMDB
    - GoogleUtilities
    - GTMSessionFetcher
    - nanopb
    - PromisesObjC
    - SDWebImage
    - SwiftyGif
    - Toast

EXTERNAL SOURCES:
  cloud_firestore:
    :path: ".symlinks/plugins/cloud_firestore/ios"
  file_picker:
    :path: ".symlinks/plugins/file_picker/ios"
  firebase_auth:
    :path: ".symlinks/plugins/firebase_auth/ios"
  firebase_core:
    :path: ".symlinks/plugins/firebase_core/ios"
  firebase_storage:
    :path: ".symlinks/plugins/firebase_storage/ios"
  FirebaseFirestore:
    :git: https://github.com/invertase/firestore-ios-sdk-frameworks.git
    :tag: 10.12.0
  Flutter:
    :path: Flutter
  fluttertoast:
    :path: ".symlinks/plugins/fluttertoast/ios"
  image_picker_ios:
    :path: ".symlinks/plugins/image_picker_ios/ios"
  path_provider_foundation:
    :path: ".symlinks/plugins/path_provider_foundation/darwin"
  smart_auth:
    :path: ".symlinks/plugins/smart_auth/ios"
  sqflite:
    :path: ".symlinks/plugins/sqflite/ios"
  url_launcher_ios:
    :path: ".symlinks/plugins/url_launcher_ios/ios"

CHECKOUT OPTIONS:
  FirebaseFirestore:
    :git: https://github.com/invertase/firestore-ios-sdk-frameworks.git
    :tag: 10.12.0

SPEC CHECKSUMS:
  cloud_firestore: 2d219f5d2eec836c5525699e777f907c9d3cd3eb
  DKImagePickerController: b512c28220a2b8ac7419f21c491fc8534b7601ac
  DKPhotoGallery: fdfad5125a9fdda9cc57df834d49df790dbb4179
  file_picker: ce3938a0df3cc1ef404671531facef740d03f920
  Firebase: 07150e75d142fb9399f6777fa56a187b17f833a0
  firebase_auth: 95f4a6acafa6a7a0d902aa467dd4d7ca336ee4be
  firebase_core: 4a3246a02f828a01c74a2c26427037786d90f17f
  firebase_storage: 90a6038e00d3903c7f665dcfc57a9a98c7c8366b
  FirebaseAppCheckInterop: f95a4feb9089867aff1a4bdc2ce309137e07736a
  FirebaseAuth: a66c1e14ec58f41d154a4b41ce1a23ea00ad4805
  FirebaseAuthInterop: 047153f3c2928822032190aa5194e332670a0d66
  FirebaseCore: f86a1394906b97ac445ae49c92552a9425831bed
  FirebaseCoreExtension: 0ce5ac36042001cfa233ce7bfa28e5c313cf80f4
  FirebaseCoreInternal: 950500ad8a08963657f6d8c67b579740c06d6aa1
  FirebaseFirestore: 8d9dd05bb50e0891ebe4fdd9bd0f9b9d22ea5556
  FirebaseStorage: 1d7ca8c8953fc61ccacaa7c612696b5402968a0d
  Flutter: e0871f40cf51350855a761d2e70bf5af5b9b5de7
  fluttertoast: 31b00dabfa7fb7bacd9e7dbee580d7a2ff4bf265
  FMDB: 2ce00b547f966261cd18927a3ddb07cb6f3db82a
  GoogleUtilities: c63691989bf362ba0505507da00eeb326192e83e
  GTMSessionFetcher: e8647203b65cee28c5f73d0f473d096653945e72
  image_picker_ios: 4a8aadfbb6dc30ad5141a2ce3832af9214a705b5
  nanopb: b552cce312b6c8484180ef47159bc0f65a1f0431
  path_provider_foundation: 29f094ae23ebbca9d3d0cec13889cd9060c0e943
  PromisesObjC: c50d2056b5253dadbd6c2bea79b0674bd5a52fa4
  SDWebImage: 750adf017a315a280c60fde706ab1e552a3ae4e9
  smart_auth: 4bedbc118723912d0e45a07e8ab34039c19e04f2
  sqflite: 31f7eba61e3074736dff8807a9b41581e4f7f15a
  SwiftyGif: 93a1cc87bf3a51916001cf8f3d63835fb64c819f
  Toast: 91b396c56ee72a5790816f40d3a94dd357abc196
  url_launcher_ios: 08a3dfac5fb39e8759aeb0abbd5d9480f30fc8b4

PODFILE CHECKSUM: 3c8eb73b1d9d80e14ceee77b4dd200d6f37e5059

COCOAPODS: 1.14.2
